
Microsoft Visual Studio Solution File, Format Version 12.00
# Visual Studio Version 16
VisualStudioVersion = 16.0.30804.86
MinimumVisualStudioVersion = 10.0.40219.1
Project("{FAE04EC0-301F-11D3-BF4B-00C04F79EFBC}") = "SalesWebMvc", "SalesWebMvc\SalesWebMvc.csproj", "{B01799F4-C101-4298-A422-A74A1DC34BB3}"
EndProject
Global
	GlobalSection(SolutionConfigurationPlatforms) = preSolution
		Debug|Any CPU = Debug|Any CPU
		Release|Any CPU = Release|Any CPU
	EndGlobalSection
	GlobalSection(ProjectConfigurationPlatforms) = postSolution
		{B01799F4-C101-4298-A422-A74A1DC34BB3}.Debug|Any CPU.ActiveCfg = Debug|Any CPU
		{B01799F4-C101-4298-A422-A74A1DC34BB3}.Debug|Any CPU.Build.0 = Debug|Any CPU
		{B01799F4-C101-4298-A422-A74A1DC34BB3}.Release|Any CPU.ActiveCfg = Release|Any CPU
		{B01799F4-C101-4298-A422-A74A1DC34BB3}.Release|Any CPU.Build.0 = Release|Any CPU
	EndGlobalSection
	GlobalSection(SolutionProperties) = preSolution
		HideSolutionNode = FALSE
	EndGlobalSection
	GlobalSection(ExtensibilityGlobals) = postSolution
		SolutionGuid = {632DAE6B-6B3E-459B-8F3B-17B2D28CDCF4}
	EndGlobalSection
EndGlobal
